// !$*UTF8*$!
{
	archiveVersion = 1;
	classes = {
	};
	objectVersion = 50;
	objects = {

/* Begin PBXBuildFile section */
		C91870EA2453BC8900EB0BEC /* liblibrarian.dylib in Frameworks */ = {isa = PBXBuildFile; fileRef = C91870E52453B5BB00EB0BEC /* liblibrarian.dylib */; };
		C9A86EB02439102A0004F428 /* AppDelegate.swift in Sources */ = {isa = PBXBuildFile; fileRef = C9A86EAF2439102A0004F428 /* AppDelegate.swift */; };
		C9A86EB22439102A0004F428 /* ContentView.swift in Sources */ = {isa = PBXBuildFile; fileRef = C9A86EB12439102A0004F428 /* ContentView.swift */; };
		C9A86EB42439102D0004F428 /* Assets.xcassets in Resources */ = {isa = PBXBuildFile; fileRef = C9A86EB32439102D0004F428 /* Assets.xcassets */; };
		C9A86EB72439102D0004F428 /* Preview Assets.xcassets in Resources */ = {isa = PBXBuildFile; fileRef = C9A86EB62439102D0004F428 /* Preview Assets.xcassets */; };
		C9A86EBA2439102D0004F428 /* Main.storyboard in Resources */ = {isa = PBXBuildFile; fileRef = C9A86EB82439102D0004F428 /* Main.storyboard */; };
/* End PBXBuildFile section */

/* Begin PBXContainerItemProxy section */
		C9A86EC22439102D0004F428 /* PBXContainerItemProxy */ = {
			isa = PBXContainerItemProxy;
			containerPortal = C9A86EA42439102A0004F428 /* Project object */;
			proxyType = 1;
			remoteGlobalIDString = C9A86EAB2439102A0004F428;
			remoteInfo = "music-player-ui";
		};
		C9A86ECD2439102D0004F428 /* PBXContainerItemProxy */ = {
			isa = PBXContainerItemProxy;
			containerPortal = C9A86EA42439102A0004F428 /* Project object */;
			proxyType = 1;
			remoteGlobalIDString = C9A86EAB2439102A0004F428;
			remoteInfo = "music-player-ui";
		};
/* End PBXContainerItemProxy section */

/* Begin PBXFileReference section */
		C91870E52453B5BB00EB0BEC /* liblibrarian.dylib */ = {isa = PBXFileReference; lastKnownFileType = "compiled.mach-o.dylib"; name = liblibrarian.dylib; path = ../librarian/target/debug/liblibrarian.dylib; sourceTree = "<group>"; };
		C91870EC2453BFC900EB0BEC /* ui-bridging-header.h */ = {isa = PBXFileReference; fileEncoding = 4; lastKnownFileType = sourcecode.c.h; path = "ui-bridging-header.h"; sourceTree = "<group>"; };
		C9A86EAC2439102A0004F428 /* music-player-ui.app */ = {isa = PBXFileReference; explicitFileType = wrapper.application; includeInIndex = 0; path = "music-player-ui.app"; sourceTree = BUILT_PRODUCTS_DIR; };
		C9A86EAF2439102A0004F428 /* AppDelegate.swift */ = {isa = PBXFileReference; lastKnownFileType = sourcecode.swift; path = AppDelegate.swift; sourceTree = "<group>"; };
		C9A86EB12439102A0004F428 /* ContentView.swift */ = {isa = PBXFileReference; lastKnownFileType = sourcecode.swift; path = ContentView.swift; sourceTree = "<group>"; };
		C9A86EB32439102D0004F428 /* Assets.xcassets */ = {isa = PBXFileReference; lastKnownFileType = folder.assetcatalog; path = Assets.xcassets; sourceTree = "<group>"; };
		C9A86EB62439102D0004F428 /* Preview Assets.xcassets */ = {isa = PBXFileReference; lastKnownFileType = folder.assetcatalog; path = "Preview Assets.xcassets"; sourceTree = "<group>"; };
		C9A86EB92439102D0004F428 /* Base */ = {isa = PBXFileReference; lastKnownFileType = file.storyboard; name = Base; path = Base.lproj/Main.storyboard; sourceTree = "<group>"; };
		C9A86EBB2439102D0004F428 /* Info.plist */ = {isa = PBXFileReference; lastKnownFileType = text.plist.xml; path = Info.plist; sourceTree = "<group>"; };
		C9A86EBC2439102D0004F428 /* music_player_ui.entitlements */ = {isa = PBXFileReference; lastKnownFileType = text.plist.entitlements; path = music_player_ui.entitlements; sourceTree = "<group>"; };
		C9A86EC12439102D0004F428 /* music-player-uiTests.xctest */ = {isa = PBXFileReference; explicitFileType = wrapper.cfbundle; includeInIndex = 0; path = "music-player-uiTests.xctest"; sourceTree = BUILT_PRODUCTS_DIR; };
		C9A86ECC2439102D0004F428 /* music-player-uiUITests.xctest */ = {isa = PBXFileReference; explicitFileType = wrapper.cfbundle; includeInIndex = 0; path = "music-player-uiUITests.xctest"; sourceTree = BUILT_PRODUCTS_DIR; };
/* End PBXFileReference section */

/* Begin PBXFrameworksBuildPhase section */
		C9A86EA92439102A0004F428 /* Frameworks */ = {
			isa = PBXFrameworksBuildPhase;
			buildActionMask = 2147483647;
			files = (
				C91870EA2453BC8900EB0BEC /* liblibrarian.dylib in Frameworks */,
			);
			runOnlyForDeploymentPostprocessing = 0;
		};
		C9A86EBE2439102D0004F428 /* Frameworks */ = {
			isa = PBXFrameworksBuildPhase;
			buildActionMask = 2147483647;
			files = (
			);
			runOnlyForDeploymentPostprocessing = 0;
		};
		C9A86EC92439102D0004F428 /* Frameworks */ = {
			isa = PBXFrameworksBuildPhase;
			buildActionMask = 2147483647;
			files = (
			);
			runOnlyForDeploymentPostprocessing = 0;
		};
/* End PBXFrameworksBuildPhase section */

/* Begin PBXGroup section */
		C9A86EA32439102A0004F428 = {
			isa = PBXGroup;
			children = (
				C91870EC2453BFC900EB0BEC /* ui-bridging-header.h */,
				C9A86EAE2439102A0004F428 /* music-player-ui */,
				C9A86EAD2439102A0004F428 /* Products */,
				C9CC19BF243990210081699A /* Frameworks */,
			);
			sourceTree = "<group>";
		};
		C9A86EAD2439102A0004F428 /* Products */ = {
			isa = PBXGroup;
			children = (
				C9A86EAC2439102A0004F428 /* music-player-ui.app */,
				C9A86EC12439102D0004F428 /* music-player-uiTests.xctest */,
				C9A86ECC2439102D0004F428 /* music-player-uiUITests.xctest */,
			);
			name = Products;
			sourceTree = "<group>";
		};
		C9A86EAE2439102A0004F428 /* music-player-ui */ = {
			isa = PBXGroup;
			children = (
				C9A86EAF2439102A0004F428 /* AppDelegate.swift */,
				C9A86EB12439102A0004F428 /* ContentView.swift */,
				C9A86EB32439102D0004F428 /* Assets.xcassets */,
				C9A86EB82439102D0004F428 /* Main.storyboard */,
				C9A86EBB2439102D0004F428 /* Info.plist */,
				C9A86EBC2439102D0004F428 /* music_player_ui.entitlements */,
				C9A86EB52439102D0004F428 /* Preview Content */,
			);
			path = "music-player-ui";
			sourceTree = "<group>";
		};
		C9A86EB52439102D0004F428 /* Preview Content */ = {
			isa = PBXGroup;
			children = (
				C9A86EB62439102D0004F428 /* Preview Assets.xcassets */,
			);
			path = "Preview Content";
			sourceTree = "<group>";
		};
		C9CC19BF243990210081699A /* Frameworks */ = {
			isa = PBXGroup;
			children = (
				C91870E52453B5BB00EB0BEC /* liblibrarian.dylib */,
			);
			name = Frameworks;
			sourceTree = "<group>";
		};
/* End PBXGroup section */

/* Begin PBXNativeTarget section */
		C9A86EAB2439102A0004F428 /* music-player-ui */ = {
			isa = PBXNativeTarget;
			buildConfigurationList = C9A86ED52439102D0004F428 /* Build configuration list for PBXNativeTarget "music-player-ui" */;
			buildPhases = (
				C9A86EA82439102A0004F428 /* Sources */,
				C9A86EA92439102A0004F428 /* Frameworks */,
				C9A86EAA2439102A0004F428 /* Resources */,
			);
			buildRules = (
			);
			dependencies = (
			);
			name = "music-player-ui";
			productName = "music-player-ui";
			productReference = C9A86EAC2439102A0004F428 /* music-player-ui.app */;
			productType = "com.apple.product-type.application";
		};
		C9A86EC02439102D0004F428 /* music-player-uiTests */ = {
			isa = PBXNativeTarget;
			buildConfigurationList = C9A86ED82439102D0004F428 /* Build configuration list for PBXNativeTarget "music-player-uiTests" */;
			buildPhases = (
				C9A86EBD2439102D0004F428 /* Sources */,
				C9A86EBE2439102D0004F428 /* Frameworks */,
				C9A86EBF2439102D0004F428 /* Resources */,
			);
			buildRules = (
			);
			dependencies = (
				C9A86EC32439102D0004F428 /* PBXTargetDependency */,
			);
			name = "music-player-uiTests";
			productName = "music-player-uiTests";
			productReference = C9A86EC12439102D0004F428 /* music-player-uiTests.xctest */;
			productType = "com.apple.product-type.bundle.unit-test";
		};
		C9A86ECB2439102D0004F428 /* music-player-uiUITests */ = {
			isa = PBXNativeTarget;
			buildConfigurationList = C9A86EDB2439102D0004F428 /* Build configuration list for PBXNativeTarget "music-player-uiUITests" */;
			buildPhases = (
				C9A86EC82439102D0004F428 /* Sources */,
				C9A86EC92439102D0004F428 /* Frameworks */,
				C9A86ECA2439102D0004F428 /* Resources */,
			);
			buildRules = (
			);
			dependencies = (
				C9A86ECE2439102D0004F428 /* PBXTargetDependency */,
			);
			name = "music-player-uiUITests";
			productName = "music-player-uiUITests";
			productReference = C9A86ECC2439102D0004F428 /* music-player-uiUITests.xctest */;
			productType = "com.apple.product-type.bundle.ui-testing";
		};
/* End PBXNativeTarget section */

/* Begin PBXProject section */
		C9A86EA42439102A0004F428 /* Project object */ = {
			isa = PBXProject;
			attributes = {
				LastSwiftUpdateCheck = 1140;
				LastUpgradeCheck = 1140;
				ORGANIZATIONNAME = JULES.NYC;
				TargetAttributes = {
					C9A86EAB2439102A0004F428 = {
						CreatedOnToolsVersion = 11.4;
					};
					C9A86EC02439102D0004F428 = {
						CreatedOnToolsVersion = 11.4;
						TestTargetID = C9A86EAB2439102A0004F428;
					};
					C9A86ECB2439102D0004F428 = {
						CreatedOnToolsVersion = 11.4;
						TestTargetID = C9A86EAB2439102A0004F428;
					};
				};
			};
			buildConfigurationList = C9A86EA72439102A0004F428 /* Build configuration list for PBXProject "music-player-ui" */;
			compatibilityVersion = "Xcode 9.3";
			developmentRegion = en;
			hasScannedForEncodings = 0;
			knownRegions = (
				en,
				Base,
			);
			mainGroup = C9A86EA32439102A0004F428;
			productRefGroup = C9A86EAD2439102A0004F428 /* Products */;
			projectDirPath = "";
			projectRoot = "";
			targets = (
				C9A86EAB2439102A0004F428 /* music-player-ui */,
				C9A86EC02439102D0004F428 /* music-player-uiTests */,
				C9A86ECB2439102D0004F428 /* music-player-uiUITests */,
			);
		};
/* End PBXProject section */

/* Begin PBXResourcesBuildPhase section */
		C9A86EAA2439102A0004F428 /* Resources */ = {
			isa = PBXResourcesBuildPhase;
			buildActionMask = 2147483647;
			files = (
				C9A86EBA2439102D0004F428 /* Main.storyboard in Resources */,
				C9A86EB72439102D0004F428 /* Preview Assets.xcassets in Resources */,
				C9A86EB42439102D0004F428 /* Assets.xcassets in Resources */,
			);
			runOnlyForDeploymentPostprocessing = 0;
		};
		C9A86EBF2439102D0004F428 /* Resources */ = {
			isa = PBXResourcesBuildPhase;
			buildActionMask = 2147483647;
			files = (
			);
			runOnlyForDeploymentPostprocessing = 0;
		};
		C9A86ECA2439102D0004F428 /* Resources */ = {
			isa = PBXResourcesBuildPhase;
			buildActionMask = 2147483647;
			files = (
			);
			runOnlyForDeploymentPostprocessing = 0;
		};
/* End PBXResourcesBuildPhase section */

/* Begin PBXSourcesBuildPhase section */
		C9A86EA82439102A0004F428 /* Sources */ = {
			isa = PBXSourcesBuildPhase;
			buildActionMask = 2147483647;
			files = (
				C9A86EB22439102A0004F428 /* ContentView.swift in Sources */,
				C9A86EB02439102A0004F428 /* AppDelegate.swift in Sources */,
			);
			runOnlyForDeploymentPostprocessing = 0;
		};
		C9A86EBD2439102D0004F428 /* Sources */ = {
			isa = PBXSourcesBuildPhase;
			buildActionMask = 2147483647;
			files = (
			);
			runOnlyForDeploymentPostprocessing = 0;
		};
		C9A86EC82439102D0004F428 /* Sources */ = {
			isa = PBXSourcesBuildPhase;
			buildActionMask = 2147483647;
			files = (
			);
			runOnlyForDeploymentPostprocessing = 0;
		};
/* End PBXSourcesBuildPhase section */

/* Begin PBXTargetDependency section */
		C9A86EC32439102D0004F428 /* PBXTargetDependency */ = {
			isa = PBXTargetDependency;
			target = C9A86EAB2439102A0004F428 /* music-player-ui */;
			targetProxy = C9A86EC22439102D0004F428 /* PBXContainerItemProxy */;
		};
		C9A86ECE2439102D0004F428 /* PBXTargetDependency */ = {
			isa = PBXTargetDependency;
			target = C9A86EAB2439102A0004F428 /* music-player-ui */;
			targetProxy = C9A86ECD2439102D0004F428 /* PBXContainerItemProxy */;
		};
/* End PBXTargetDependency section */

/* Begin PBXVariantGroup section */
		C9A86EB82439102D0004F428 /* Main.storyboard */ = {
			isa = PBXVariantGroup;
			children = (
				C9A86EB92439102D0004F428 /* Base */,
			);
			name = Main.storyboard;
			sourceTree = "<group>";
		};
/* End PBXVariantGroup section */

/* Begin XCBuildConfiguration section */
		C9A86ED32439102D0004F428 /* Debug */ = {
			isa = XCBuildConfiguration;
			buildSettings = {
				ALWAYS_SEARCH_USER_PATHS = NO;
				CLANG_ANALYZER_NONNULL = YES;
				CLANG_ANALYZER_NUMBER_OBJECT_CONVERSION = YES_AGGRESSIVE;
				CLANG_CXX_LANGUAGE_STANDARD = "gnu++14";
				CLANG_CXX_LIBRARY = "libc++";
				CLANG_ENABLE_MODULES = YES;
				CLANG_ENABLE_OBJC_ARC = YES;
				CLANG_ENABLE_OBJC_WEAK = YES;
				CLANG_WARN_BLOCK_CAPTURE_AUTORELEASING = YES;
				CLANG_WARN_BOOL_CONVERSION = YES;
				CLANG_WARN_COMMA = YES;
				CLANG_WARN_CONSTANT_CONVERSION = YES;
				CLANG_WARN_DEPRECATED_OBJC_IMPLEMENTATIONS = YES;
				CLANG_WARN_DIRECT_OBJC_ISA_USAGE = YES_ERROR;
				CLANG_WARN_DOCUMENTATION_COMMENTS = YES;
				CLANG_WARN_EMPTY_BODY = YES;
				CLANG_WARN_ENUM_CONVERSION = YES;
				CLANG_WARN_INFINITE_RECURSION = YES;
				CLANG_WARN_INT_CONVERSION = YES;
				CLANG_WARN_NON_LITERAL_NULL_CONVERSION = YES;
				CLANG_WARN_OBJC_IMPLICIT_RETAIN_SELF = YES;
				CLANG_WARN_OBJC_LITERAL_CONVERSION = YES;
				CLANG_WARN_OBJC_ROOT_CLASS = YES_ERROR;
				CLANG_WARN_RANGE_LOOP_ANALYSIS = YES;
				CLANG_WARN_STRICT_PROTOTYPES = YES;
				CLANG_WARN_SUSPICIOUS_MOVE = YES;
				CLANG_WARN_UNGUARDED_AVAILABILITY = YES_AGGRESSIVE;
				CLANG_WARN_UNREACHABLE_CODE = YES;
				CLANG_WARN__DUPLICATE_METHOD_MATCH = YES;
				COPY_PHASE_STRIP = NO;
				DEBUG_INFORMATION_FORMAT = dwarf;
				ENABLE_STRICT_OBJC_MSGSEND = YES;
				ENABLE_TESTABILITY = YES;
				GCC_C_LANGUAGE_STANDARD = gnu11;
				GCC_DYNAMIC_NO_PIC = NO;
				GCC_NO_COMMON_BLOCKS = YES;
				GCC_OPTIMIZATION_LEVEL = 0;
				GCC_PREPROCESSOR_DEFINITIONS = (
					"DEBUG=1",
					"$(inherited)",
				);
				GCC_WARN_64_TO_32_BIT_CONVERSION = YES;
				GCC_WARN_ABOUT_RETURN_TYPE = YES_ERROR;
				GCC_WARN_UNDECLARED_SELECTOR = YES;
				GCC_WARN_UNINITIALIZED_AUTOS = YES_AGGRESSIVE;
				GCC_WARN_UNUSED_FUNCTION = YES;
				GCC_WARN_UNUSED_VARIABLE = YES;
				MACOSX_DEPLOYMENT_TARGET = 10.15;
				MTL_ENABLE_DEBUG_INFO = INCLUDE_SOURCE;
				MTL_FAST_MATH = YES;
				ONLY_ACTIVE_ARCH = YES;
				SDKROOT = macosx;
				SWIFT_ACTIVE_COMPILATION_CONDITIONS = DEBUG;
				SWIFT_OPTIMIZATION_LEVEL = "-Onone";
			};
			name = Debug;
		};
		C9A86ED42439102D0004F428 /* Release */ = {
			isa = XCBuildConfiguration;
			buildSettings = {
				ALWAYS_SEARCH_USER_PATHS = NO;
				CLANG_ANALYZER_NONNULL = YES;
				CLANG_ANALYZER_NUMBER_OBJECT_CONVERSION = YES_AGGRESSIVE;
				CLANG_CXX_LANGUAGE_STANDARD = "gnu++14";
				CLANG_CXX_LIBRARY = "libc++";
				CLANG_ENABLE_MODULES = YES;
				CLANG_ENABLE_OBJC_ARC = YES;
				CLANG_ENABLE_OBJC_WEAK = YES;
				CLANG_WARN_BLOCK_CAPTURE_AUTORELEASING = YES;
				CLANG_WARN_BOOL_CONVERSION = YES;
				CLANG_WARN_COMMA = YES;
				CLANG_WARN_CONSTANT_CONVERSION = YES;
				CLANG_WARN_DEPRECATED_OBJC_IMPLEMENTATIONS = YES;
				CLANG_WARN_DIRECT_OBJC_ISA_USAGE = YES_ERROR;
				CLANG_WARN_DOCUMENTATION_COMMENTS = YES;
				CLANG_WARN_EMPTY_BODY = YES;
				CLANG_WARN_ENUM_CONVERSION = YES;
				CLANG_WARN_INFINITE_RECURSION = YES;
				CLANG_WARN_INT_CONVERSION = YES;
				CLANG_WARN_NON_LITERAL_NULL_CONVERSION = YES;
				CLANG_WARN_OBJC_IMPLICIT_RETAIN_SELF = YES;
				CLANG_WARN_OBJC_LITERAL_CONVERSION = YES;
				CLANG_WARN_OBJC_ROOT_CLASS = YES_ERROR;
				CLANG_WARN_RANGE_LOOP_ANALYSIS = YES;
				CLANG_WARN_STRICT_PROTOTYPES = YES;
				CLANG_WARN_SUSPICIOUS_MOVE = YES;
				CLANG_WARN_UNGUARDED_AVAILABILITY = YES_AGGRESSIVE;
				CLANG_WARN_UNREACHABLE_CODE = YES;
				CLANG_WARN__DUPLICATE_METHOD_MATCH = YES;
				COPY_PHASE_STRIP = NO;
				DEBUG_INFORMATION_FORMAT = "dwarf-with-dsym";
				ENABLE_NS_ASSERTIONS = NO;
				ENABLE_STRICT_OBJC_MSGSEND = YES;
				GCC_C_LANGUAGE_STANDARD = gnu11;
				GCC_NO_COMMON_BLOCKS = YES;
				GCC_WARN_64_TO_32_BIT_CONVERSION = YES;
				GCC_WARN_ABOUT_RETURN_TYPE = YES_ERROR;
				GCC_WARN_UNDECLARED_SELECTOR = YES;
				GCC_WARN_UNINITIALIZED_AUTOS = YES_AGGRESSIVE;
				GCC_WARN_UNUSED_FUNCTION = YES;
				GCC_WARN_UNUSED_VARIABLE = YES;
				MACOSX_DEPLOYMENT_TARGET = 10.15;
				MTL_ENABLE_DEBUG_INFO = NO;
				MTL_FAST_MATH = YES;
				SDKROOT = macosx;
				SWIFT_COMPILATION_MODE = wholemodule;
				SWIFT_OPTIMIZATION_LEVEL = "-O";
			};
			name = Release;
		};
		C9A86ED62439102D0004F428 /* Debug */ = {
			isa = XCBuildConfiguration;
			buildSettings = {
				ASSETCATALOG_COMPILER_APPICON_NAME = AppIcon;
				CODE_SIGN_ENTITLEMENTS = "music-player-ui/music_player_ui.entitlements";
				CODE_SIGN_STYLE = Automatic;
				COMBINE_HIDPI_IMAGES = YES;
				DEVELOPMENT_ASSET_PATHS = "\"music-player-ui/Preview Content\"";
				ENABLE_PREVIEWS = YES;
				HEADER_SEARCH_PATHS = ../librarian;
				INFOPLIST_FILE = "music-player-ui/Info.plist";
				LD_RUNPATH_SEARCH_PATHS = (
					"$(inherited)",
					"@executable_path/../Frameworks",
				);
				LIBRARY_SEARCH_PATHS = ../librarian/target/debug/;
				MACOSX_DEPLOYMENT_TARGET = 10.15;
				OTHER_LDFLAGS = "";
				PRODUCT_BUNDLE_IDENTIFIER = "jules.nyc.music-player-ui";
				PRODUCT_NAME = "$(TARGET_NAME)";
				SWIFT_INSTALL_OBJC_HEADER = YES;
				SWIFT_OBJC_BRIDGING_HEADER = "./ui-bridging-header.h";
				SWIFT_VERSION = 5.0;
			};
			name = Debug;
		};
		C9A86ED72439102D0004F428 /* Release */ = {
			isa = XCBuildConfiguration;
			buildSettings = {
				ASSETCATALOG_COMPILER_APPICON_NAME = AppIcon;
				CODE_SIGN_ENTITLEMENTS = "music-player-ui/music_player_ui.entitlements";
				CODE_SIGN_STYLE = Automatic;
				COMBINE_HIDPI_IMAGES = YES;
				DEVELOPMENT_ASSET_PATHS = "\"music-player-ui/Preview Content\"";
				ENABLE_PREVIEWS = YES;
				HEADER_SEARCH_PATHS = ../librarian;
				INFOPLIST_FILE = "music-player-ui/Info.plist";
				LD_RUNPATH_SEARCH_PATHS = (
					"$(inherited)",
					"@executable_path/../Frameworks",
				);
				LIBRARY_SEARCH_PATHS = ../librarian/target/debug/;
				MACOSX_DEPLOYMENT_TARGET = 10.15;
				OTHER_LDFLAGS = "";
				PRODUCT_BUNDLE_IDENTIFIER = "jules.nyc.music-player-ui";
				PRODUCT_NAME = "$(TARGET_NAME)";
				SWIFT_INSTALL_OBJC_HEADER = YES;
				SWIFT_OBJC_BRIDGING_HEADER = "./ui-bridging-header.h";
				SWIFT_VERSION = 5.0;
			};
			name = Release;
		};
		C9A86ED92439102D0004F428 /* Debug */ = {
			isa = XCBuildConfiguration;
			buildSettings = {
				ALWAYS_EMBED_SWIFT_STANDARD_LIBRARIES = YES;
				BUNDLE_LOADER = "$(TEST_HOST)";
				CODE_SIGN_STYLE = Automatic;
				COMBINE_HIDPI_IMAGES = YES;
				INFOPLIST_FILE = "music-player-uiTests/Info.plist";
				LD_RUNPATH_SEARCH_PATHS = (
					"$(inherited)",
					"@executable_path/../Frameworks",
					"@loader_path/../Frameworks",
				);
				MACOSX_DEPLOYMENT_TARGET = 10.15;
				PRODUCT_BUNDLE_IDENTIFIER = "jules.nyc.music-player-uiTests";
				PRODUCT_NAME = "$(TARGET_NAME)";
				SWIFT_VERSION = 5.0;
				TEST_HOST = "$(BUILT_PRODUCTS_DIR)/music-player-ui.app/Contents/MacOS/music-player-ui";
			};
			name = Debug;
		};
		C9A86EDA2439102D0004F428 /* Release */ = {
			isa = XCBuildConfiguration;
			buildSettings = {
				ALWAYS_EMBED_SWIFT_STANDARD_LIBRARIES = YES;
				BUNDLE_LOADER = "$(TEST_HOST)";
				CODE_SIGN_STYLE = Automatic;
				COMBINE_HIDPI_IMAGES = YES;
				INFOPLIST_FILE = "music-player-uiTests/Info.plist";
				LD_RUNPATH_SEARCH_PATHS = (
					"$(inherited)",
					"@executable_path/../Frameworks",
					"@loader_path/../Frameworks",
				);
				MACOSX_DEPLOYMENT_TARGET = 10.15;
				PRODUCT_BUNDLE_IDENTIFIER = "jules.nyc.music-player-uiTests";
				PRODUCT_NAME = "$(TARGET_NAME)";
				SWIFT_VERSION = 5.0;
				TEST_HOST = "$(BUILT_PRODUCTS_DIR)/music-player-ui.app/Contents/MacOS/music-player-ui";
			};
			name = Release;
		};
		C9A86EDC2439102D0004F428 /* Debug */ = {
			isa = XCBuildConfiguration;
			buildSettings = {
				ALWAYS_EMBED_SWIFT_STANDARD_LIBRARIES = YES;
				CODE_SIGN_STYLE = Automatic;
				COMBINE_HIDPI_IMAGES = YES;
				INFOPLIST_FILE = "music-player-uiUITests/Info.plist";
				LD_RUNPATH_SEARCH_PATHS = (
					"$(inherited)",
					"@executable_path/../Frameworks",
					"@loader_path/../Frameworks",
				);
				PRODUCT_BUNDLE_IDENTIFIER = "jules.nyc.music-player-uiUITests";
				PRODUCT_NAME = "$(TARGET_NAME)";
				SWIFT_VERSION = 5.0;
				TEST_TARGET_NAME = "music-player-ui";
			};
			name = Debug;
		};
		C9A86EDD2439102D0004F428 /* Release */ = {
			isa = XCBuildConfiguration;
			buildSettings = {
				ALWAYS_EMBED_SWIFT_STANDARD_LIBRARIES = YES;
				CODE_SIGN_STYLE = Automatic;
				COMBINE_HIDPI_IMAGES = YES;
				INFOPLIST_FILE = "music-player-uiUITests/Info.plist";
				LD_RUNPATH_SEARCH_PATHS = (
					"$(inherited)",
					"@executable_path/../Frameworks",
					"@loader_path/../Frameworks",
				);
				PRODUCT_BUNDLE_IDENTIFIER = "jules.nyc.music-player-uiUITests";
				PRODUCT_NAME = "$(TARGET_NAME)";
				SWIFT_VERSION = 5.0;
				TEST_TARGET_NAME = "music-player-ui";
			};
			name = Release;
		};
/* End XCBuildConfiguration section */

/* Begin XCConfigurationList section */
		C9A86EA72439102A0004F428 /* Build configuration list for PBXProject "music-player-ui" */ = {
			isa = XCConfigurationList;
			buildConfigurations = (
				C9A86ED32439102D0004F428 /* Debug */,
				C9A86ED42439102D0004F428 /* Release */,
			);
			defaultConfigurationIsVisible = 0;
			defaultConfigurationName = Release;
		};
		C9A86ED52439102D0004F428 /* Build configuration list for PBXNativeTarget "music-player-ui" */ = {
			isa = XCConfigurationList;
			buildConfigurations = (
				C9A86ED62439102D0004F428 /* Debug */,
				C9A86ED72439102D0004F428 /* Release */,
			);
			defaultConfigurationIsVisible = 0;
			defaultConfigurationName = Release;
		};
		C9A86ED82439102D0004F428 /* Build configuration list for PBXNativeTarget "music-player-uiTests" */ = {
			isa = XCConfigurationList;
			buildConfigurations = (
				C9A86ED92439102D0004F428 /* Debug */,
				C9A86EDA2439102D0004F428 /* Release */,
			);
			defaultConfigurationIsVisible = 0;
			defaultConfigurationName = Release;
		};
		C9A86EDB2439102D0004F428 /* Build configuration list for PBXNativeTarget "music-player-uiUITests" */ = {
			isa = XCConfigurationList;
			buildConfigurations = (
				C9A86EDC2439102D0004F428 /* Debug */,
				C9A86EDD2439102D0004F428 /* Release */,
			);
			defaultConfigurationIsVisible = 0;
			defaultConfigurationName = Release;
		};
/* End XCConfigurationList section */
	};
	rootObject = C9A86EA42439102A0004F428 /* Project object */;
}
